
Microsoft Visual Studio Solution File, Format Version 12.00
# Visual Studio Version 16
VisualStudioVersion = 16.0.29409.12
MinimumVisualStudioVersion = 10.0.40219.1
Project("{FAE04EC0-301F-11D3-BF4B-00C04F79EFBC}") = "WPFGo", "WPFGo\WPFGo.csproj", "{862F3E1D-02F3-4CCA-82C3-02730B992B6F}"
EndProject
Project("{FAE04EC0-301F-11D3-BF4B-00C04F79EFBC}") = "BindingGo", "BindingGo\BindingGo.csproj", "{37EB3564-8FF4-4148-BBF1-DB846737C31A}"
EndProject
Project("{FAE04EC0-301F-11D3-BF4B-00C04F79EFBC}") = "ItemSource", "ItemSource\ItemSource.csproj", "{1A402AC3-5E43-494B-B652-CB981F0F1BC6}"
EndProject
Project("{FAE04EC0-301F-11D3-BF4B-00C04F79EFBC}") = "DataProvider", "DataProvider\DataProvider.csproj", "{3B21CFAC-2632-4F13-86A6-E11BD0E61221}"
EndProject
Project("{FAE04EC0-301F-11D3-BF4B-00C04F79EFBC}") = "DependenceProperty", "DependenceProperty\DependenceProperty.csproj", "{271C871F-9A44-4540-8E11-755609D3644D}"
EndProject
Project("{FAE04EC0-301F-11D3-BF4B-00C04F79EFBC}") = "EventGO", "EventGO\EventGO.csproj", "{72539703-8566-4896-A8B1-D473D4059AEA}"
EndProject
Global
	GlobalSection(SolutionConfigurationPlatforms) = preSolution
		Debug|Any CPU = Debug|Any CPU
		Release|Any CPU = Release|Any CPU
	EndGlobalSection
	GlobalSection(ProjectConfigurationPlatforms) = postSolution
		{862F3E1D-02F3-4CCA-82C3-02730B992B6F}.Debug|Any CPU.ActiveCfg = Debug|Any CPU
		{862F3E1D-02F3-4CCA-82C3-02730B992B6F}.Debug|Any CPU.Build.0 = Debug|Any CPU
		{862F3E1D-02F3-4CCA-82C3-02730B992B6F}.Release|Any CPU.ActiveCfg = Release|Any CPU
		{862F3E1D-02F3-4CCA-82C3-02730B992B6F}.Release|Any CPU.Build.0 = Release|Any CPU
		{37EB3564-8FF4-4148-BBF1-DB846737C31A}.Debug|Any CPU.ActiveCfg = Debug|Any CPU
		{37EB3564-8FF4-4148-BBF1-DB846737C31A}.Debug|Any CPU.Build.0 = Debug|Any CPU
		{37EB3564-8FF4-4148-BBF1-DB846737C31A}.Release|Any CPU.ActiveCfg = Release|Any CPU
		{37EB3564-8FF4-4148-BBF1-DB846737C31A}.Release|Any CPU.Build.0 = Release|Any CPU
		{1A402AC3-5E43-494B-B652-CB981F0F1BC6}.Debug|Any CPU.ActiveCfg = Debug|Any CPU
		{1A402AC3-5E43-494B-B652-CB981F0F1BC6}.Debug|Any CPU.Build.0 = Debug|Any CPU
		{1A402AC3-5E43-494B-B652-CB981F0F1BC6}.Release|Any CPU.ActiveCfg = Release|Any CPU
		{1A402AC3-5E43-494B-B652-CB981F0F1BC6}.Release|Any CPU.Build.0 = Release|Any CPU
		{3B21CFAC-2632-4F13-86A6-E11BD0E61221}.Debug|Any CPU.ActiveCfg = Debug|Any CPU
		{3B21CFAC-2632-4F13-86A6-E11BD0E61221}.Debug|Any CPU.Build.0 = Debug|Any CPU
		{3B21CFAC-2632-4F13-86A6-E11BD0E61221}.Release|Any CPU.ActiveCfg = Release|Any CPU
		{3B21CFAC-2632-4F13-86A6-E11BD0E61221}.Release|Any CPU.Build.0 = Release|Any CPU
		{271C871F-9A44-4540-8E11-755609D3644D}.Debug|Any CPU.ActiveCfg = Debug|Any CPU
		{271C871F-9A44-4540-8E11-755609D3644D}.Debug|Any CPU.Build.0 = Debug|Any CPU
		{271C871F-9A44-4540-8E11-755609D3644D}.Release|Any CPU.ActiveCfg = Release|Any CPU
		{271C871F-9A44-4540-8E11-755609D3644D}.Release|Any CPU.Build.0 = Release|Any CPU
		{72539703-8566-4896-A8B1-D473D4059AEA}.Debug|Any CPU.ActiveCfg = Debug|Any CPU
		{72539703-8566-4896-A8B1-D473D4059AEA}.Debug|Any CPU.Build.0 = Debug|Any CPU
		{72539703-8566-4896-A8B1-D473D4059AEA}.Release|Any CPU.ActiveCfg = Release|Any CPU
		{72539703-8566-4896-A8B1-D473D4059AEA}.Release|Any CPU.Build.0 = Release|Any CPU
	EndGlobalSection
	GlobalSection(SolutionProperties) = preSolution
		HideSolutionNode = FALSE
	EndGlobalSection
	GlobalSection(ExtensibilityGlobals) = postSolution
		SolutionGuid = {CB47E648-78F2-4DA7-9C5F-71FEE785F42B}
	EndGlobalSection
EndGlobal
